{
    "_readme": [
        "This file locks the dependencies of your project to a known state",
        "Read more about it at https://getcomposer.org/doc/01-basic-usage.md#composer-lock-the-lock-file",
        "This file is @generated automatically"
    ],
    "content-hash": "4bb9e411675f2bf2de82a1f31c067a11",
    "packages": [
        {
            "name": "aftership/aftership-php-sdk",
            "version": "5.0.10",
            "source": {
                "type": "git",
                "url": "https://github.com/AfterShip/aftership-sdk-php.git",
                "reference": "d8000092957e22d0d5f385fea842e832db9eadbb"
            },
            "dist": {
                "type": "zip",
                "url": "https://api.github.com/repos/AfterShip/aftership-sdk-php/zipball/d8000092957e22d0d5f385fea842e832db9eadbb",
                "reference": "d8000092957e22d0d5f385fea842e832db9eadbb",
                "shasum": ""
            },
            "require": {
                "php": ">=5.3.0"
            },
            "type": "library",
            "autoload": {
                "psr-0": {
                    "AfterShip": "src/"
                }
            },
            "notification-url": "https://packagist.org/downloads/",
            "license": [
                "MIT"
            ],
            "authors": [
                {
                    "name": "AfterShip",
                    "email": "support@aftership.com"
                }
            ],
            "description": "The PHP SDK of AfterShip API",
            "keywords": [
                "FedEx",
                "aftership",
                "dhl",
                "shipping",
                "track",
                "tracking",
                "ups",
                "usps"
            ],
            "time": "2017-01-17T03:09:37+00:00"
        },
        {
            "name": "alfallouji/dhl_api",
            "version": "0.2.10",
            "source": {
                "type": "git",
                "url": "https://github.com/alfallouji/DHL-API.git",
                "reference": "95640787e1891e588e4c10de9d571bbdf96df945"
            },
            "dist": {
                "type": "zip",
                "url": "https://api.github.com/repos/alfallouji/DHL-API/zipball/95640787e1891e588e4c10de9d571bbdf96df945",
                "reference": "95640787e1891e588e4c10de9d571bbdf96df945",
                "shasum": ""
            },
            "require": {
                "php": ">=5.3.0"
            },
            "type": "library",
            "autoload": {
                "classmap": [
                    "DHL"
                ]
            },
            "notification-url": "https://packagist.org/downloads/",
            "license": [
                "LGPL-2.1"
            ],
            "authors": [
                {
                    "name": "Bashar Al-Fallouji",
                    "email": "bashar@alfallouji.com"
                }
            ],
            "description": "PHP library to communicate with the DHL XML Services.",
            "time": "2017-01-06T10:25:58+00:00"
        }
    ],
    "packages-dev": [],
    "aliases": [],
    "minimum-stability": "stable",
    "stability-flags": [],
    "prefer-stable": false,
    "prefer-lowest": false,
    "platform": [],
    "platform-dev": []
}
